
Microsoft Visual Studio Solution File, Format Version 12.00
# Visual Studio Version 17
VisualStudioVersion = 17.7.34031.279
MinimumVisualStudioVersion = 10.0.40219.1
Project("{FAE04EC0-301F-11D3-BF4B-00C04F79EFBC}") = "Diplom", "Diplom\Diplom.csproj", "{B59C68AC-67A1-4F18-AB2E-454533A62F71}"
EndProject
Global
	GlobalSection(SolutionConfigurationPlatforms) = preSolution
		Debug|Any CPU = Debug|Any CPU
		Release|Any CPU = Release|Any CPU
	EndGlobalSection
	GlobalSection(ProjectConfigurationPlatforms) = postSolution
		{B59C68AC-67A1-4F18-AB2E-454533A62F71}.Debug|Any CPU.ActiveCfg = Debug|Any CPU
		{B59C68AC-67A1-4F18-AB2E-454533A62F71}.Debug|Any CPU.Build.0 = Debug|Any CPU
		{B59C68AC-67A1-4F18-AB2E-454533A62F71}.Release|Any CPU.ActiveCfg = Release|Any CPU
		{B59C68AC-67A1-4F18-AB2E-454533A62F71}.Release|Any CPU.Build.0 = Release|Any CPU
	EndGlobalSection
	GlobalSection(SolutionProperties) = preSolution
		HideSolutionNode = FALSE
	EndGlobalSection
	GlobalSection(ExtensibilityGlobals) = postSolution
		SolutionGuid = {B7C5DB24-BA35-4791-BE63-B1CCFFAACBB1}
	EndGlobalSection
EndGlobal
